# This file is automatically @generated by Cargo.
# It is not intended for manual editing.
version = 4

[[package]]
name = "catboost-rs"
version = "0.1.0"

[[package]]
name = "gensim-rs"
version = "0.1.0"

[[package]]
name = "keras-rs"
version = "0.1.0"

[[package]]
name = "lightgbm-rs"
version = "0.1.0"

[[package]]
name = "nltk-rs"
version = "0.1.0"

[[package]]
name = "scikit-learn-rs"
version = "0.1.0"

[[package]]
name = "spacy-rs"
version = "0.1.0"

[[package]]
name = "tensorflow-rs"
version = "0.1.0"

[[package]]
name = "torch-rs"
version = "0.1.0"

[[package]]
name = "transformers-rs"
version = "0.1.0"

[[package]]
name = "xgboost-rs"
version = "0.1.0"
